
Microsoft Visual Studio Solution File, Format Version 12.00
# Visual Studio Version 17
VisualStudioVersion = 17.0.31903.59
MinimumVisualStudioVersion = 10.0.40219.1
Project("{FAE04EC0-301F-11D3-BF4B-00C04F79EFBC}") = "ShopCars.Cars", "ShopCars.Cars\ShopCars.Cars.csproj", "{A516273A-9465-4F37-B773-1FD771D57CF4}"
EndProject
Global
	GlobalSection(SolutionConfigurationPlatforms) = preSolution
		Debug|Any CPU = Debug|Any CPU
		Release|Any CPU = Release|Any CPU
	EndGlobalSection
	GlobalSection(ProjectConfigurationPlatforms) = postSolution
		{A516273A-9465-4F37-B773-1FD771D57CF4}.Debug|Any CPU.ActiveCfg = Debug|Any CPU
		{A516273A-9465-4F37-B773-1FD771D57CF4}.Debug|Any CPU.Build.0 = Debug|Any CPU
		{A516273A-9465-4F37-B773-1FD771D57CF4}.Release|Any CPU.ActiveCfg = Release|Any CPU
		{A516273A-9465-4F37-B773-1FD771D57CF4}.Release|Any CPU.Build.0 = Release|Any CPU
	EndGlobalSection
	GlobalSection(SolutionProperties) = preSolution
		HideSolutionNode = FALSE
	EndGlobalSection
	GlobalSection(ExtensibilityGlobals) = postSolution
		SolutionGuid = {6B9394ED-8132-4CC8-8247-D97843F2C080}
	EndGlobalSection
EndGlobal
